
Microsoft Visual Studio Solution File, Format Version 12.00
# Visual Studio Version 17
VisualStudioVersion = 17.14.36511.14 d17.14
MinimumVisualStudioVersion = 10.0.40219.1
Project("{FAE04EC0-301F-11D3-BF4B-00C04F79EFBC}") = "CafeDigital", "CafeDigital\CafeDigital.csproj", "{EE364186-C24D-415B-AD55-693DF2DE1F9F}"
EndProject
Global
	GlobalSection(SolutionConfigurationPlatforms) = preSolution
		Debug|Any CPU = Debug|Any CPU
		Release|Any CPU = Release|Any CPU
	EndGlobalSection
	GlobalSection(ProjectConfigurationPlatforms) = postSolution
		{EE364186-C24D-415B-AD55-693DF2DE1F9F}.Debug|Any CPU.ActiveCfg = Debug|Any CPU
		{EE364186-C24D-415B-AD55-693DF2DE1F9F}.Debug|Any CPU.Build.0 = Debug|Any CPU
		{EE364186-C24D-415B-AD55-693DF2DE1F9F}.Release|Any CPU.ActiveCfg = Release|Any CPU
		{EE364186-C24D-415B-AD55-693DF2DE1F9F}.Release|Any CPU.Build.0 = Release|Any CPU
	EndGlobalSection
	GlobalSection(SolutionProperties) = preSolution
		HideSolutionNode = FALSE
	EndGlobalSection
	GlobalSection(ExtensibilityGlobals) = postSolution
		SolutionGuid = {C081DCB1-286C-4BC2-A8F6-7C24F671493C}
	EndGlobalSection
EndGlobal
